// !$*UTF8*$!
{
	archiveVersion = 1;
	classes = {
	};
	objectVersion = 46;
	objects = {

/* Begin PBXBuildFile section */
		FE5A9BDB1AD5E471004344A0 /* main.m in Sources */ = {isa = PBXBuildFile; fileRef = FE5A9BDA1AD5E471004344A0 /* main.m */; };
		FE5A9BDE1AD5E471004344A0 /* AppDelegate.m in Sources */ = {isa = PBXBuildFile; fileRef = FE5A9BDD1AD5E471004344A0 /* AppDelegate.m */; };
		FE5A9BE11AD5E471004344A0 /* My_Profit_full.xcdatamodeld in Sources */ = {isa = PBXBuildFile; fileRef = FE5A9BDF1AD5E471004344A0 /* My_Profit_full.xcdatamodeld */; };
		FE5A9BE41AD5E471004344A0 /* MainView.m in Sources */ = {isa = PBXBuildFile; fileRef = FE5A9BE31AD5E471004344A0 /* MainView.m */; };
		FE5A9BE71AD5E471004344A0 /* Main.storyboard in Resources */ = {isa = PBXBuildFile; fileRef = FE5A9BE51AD5E471004344A0 /* Main.storyboard */; };
		FE5A9BE91AD5E471004344A0 /* Images.xcassets in Resources */ = {isa = PBXBuildFile; fileRef = FE5A9BE81AD5E471004344A0 /* Images.xcassets */; };
		FE5A9BEC1AD5E471004344A0 /* LaunchScreen.xib in Resources */ = {isa = PBXBuildFile; fileRef = FE5A9BEA1AD5E471004344A0 /* LaunchScreen.xib */; };
		FE5A9BF81AD5E472004344A0 /* My_Profit_fullTests.m in Sources */ = {isa = PBXBuildFile; fileRef = FE5A9BF71AD5E472004344A0 /* My_Profit_fullTests.m */; };
		FE8ECBC91AD794F100F24D1D /* NewItemView.m in Sources */ = {isa = PBXBuildFile; fileRef = FE8ECBC81AD794F100F24D1D /* NewItemView.m */; };
		FE9792BB1AECE29E00848BAF /* Helper.m in Sources */ = {isa = PBXBuildFile; fileRef = FE9792BA1AECE29E00848BAF /* Helper.m */; };
		FE9801611ADB1DC5009FFAA6 /* IncomeView.m in Sources */ = {isa = PBXBuildFile; fileRef = FE9801601ADB1DC5009FFAA6 /* IncomeView.m */; };
		FE9801641ADB2240009FFAA6 /* ExpensesView.m in Sources */ = {isa = PBXBuildFile; fileRef = FE9801631ADB2240009FFAA6 /* ExpensesView.m */; };
		FEA73C511AE34FC400A3D141 /* EditIncomeItem.m in Sources */ = {isa = PBXBuildFile; fileRef = FEA73C501AE34FC400A3D141 /* EditIncomeItem.m */; };
		FEA73C551AE3A02A00A3D141 /* EditExpensesItem.m in Sources */ = {isa = PBXBuildFile; fileRef = FEA73C541AE3A02A00A3D141 /* EditExpensesItem.m */; };
/* End PBXBuildFile section */

/* Begin PBXContainerItemProxy section */
		FE5A9BF21AD5E472004344A0 /* PBXContainerItemProxy */ = {
			isa = PBXContainerItemProxy;
			containerPortal = FE5A9BCD1AD5E471004344A0 /* Project object */;
			proxyType = 1;
			remoteGlobalIDString = FE5A9BD41AD5E471004344A0;
			remoteInfo = "My Profit full";
		};
/* End PBXContainerItemProxy section */

/* Begin PBXFileReference section */
		FE5A9BD51AD5E471004344A0 /* My Profit full.app */ = {isa = PBXFileReference; explicitFileType = wrapper.application; includeInIndex = 0; path = "My Profit full.app"; sourceTree = BUILT_PRODUCTS_DIR; };
		FE5A9BD91AD5E471004344A0 /* Info.plist */ = {isa = PBXFileReference; lastKnownFileType = text.plist.xml; path = Info.plist; sourceTree = "<group>"; };
		FE5A9BDA1AD5E471004344A0 /* main.m */ = {isa = PBXFileReference; lastKnownFileType = sourcecode.c.objc; path = main.m; sourceTree = "<group>"; };
		FE5A9BDC1AD5E471004344A0 /* AppDelegate.h */ = {isa = PBXFileReference; lastKnownFileType = sourcecode.c.h; path = AppDelegate.h; sourceTree = "<group>"; };
		FE5A9BDD1AD5E471004344A0 /* AppDelegate.m */ = {isa = PBXFileReference; lastKnownFileType = sourcecode.c.objc; path = AppDelegate.m; sourceTree = "<group>"; };
		FE5A9BE01AD5E471004344A0 /* My_Profit_full.xcdatamodel */ = {isa = PBXFileReference; lastKnownFileType = wrapper.xcdatamodel; path = My_Profit_full.xcdatamodel; sourceTree = "<group>"; };
		FE5A9BE21AD5E471004344A0 /* MainView.h */ = {isa = PBXFileReference; lastKnownFileType = sourcecode.c.h; path = MainView.h; sourceTree = "<group>"; };
		FE5A9BE31AD5E471004344A0 /* MainView.m */ = {isa = PBXFileReference; lastKnownFileType = sourcecode.c.objc; path = MainView.m; sourceTree = "<group>"; };
		FE5A9BE61AD5E471004344A0 /* Base */ = {isa = PBXFileReference; lastKnownFileType = file.storyboard; name = Base; path = Base.lproj/Main.storyboard; sourceTree = "<group>"; };
		FE5A9BE81AD5E471004344A0 /* Images.xcassets */ = {isa = PBXFileReference; lastKnownFileType = folder.assetcatalog; path = Images.xcassets; sourceTree = "<group>"; };
		FE5A9BEB1AD5E471004344A0 /* Base */ = {isa = PBXFileReference; lastKnownFileType = file.xib; name = Base; path = Base.lproj/LaunchScreen.xib; sourceTree = "<group>"; };
		FE5A9BF11AD5E472004344A0 /* My Profit fullTests.xctest */ = {isa = PBXFileReference; explicitFileType = wrapper.cfbundle; includeInIndex = 0; path = "My Profit fullTests.xctest"; sourceTree = BUILT_PRODUCTS_DIR; };
		FE5A9BF61AD5E472004344A0 /* Info.plist */ = {isa = PBXFileReference; lastKnownFileType = text.plist.xml; path = Info.plist; sourceTree = "<group>"; };
		FE5A9BF71AD5E472004344A0 /* My_Profit_fullTests.m */ = {isa = PBXFileReference; lastKnownFileType = sourcecode.c.objc; path = My_Profit_fullTests.m; sourceTree = "<group>"; };
		FE8ECBC81AD794F100F24D1D /* NewItemView.m */ = {isa = PBXFileReference; fileEncoding = 4; lastKnownFileType = sourcecode.c.objc; path = NewItemView.m; sourceTree = "<group>"; };
		FE8ECBCA1AD7950C00F24D1D /* NewItemView.h */ = {isa = PBXFileReference; lastKnownFileType = sourcecode.c.h; path = NewItemView.h; sourceTree = "<group>"; };
		FE9792BA1AECE29E00848BAF /* Helper.m */ = {isa = PBXFileReference; fileEncoding = 4; lastKnownFileType = sourcecode.c.objc; path = Helper.m; sourceTree = "<group>"; };
		FE9792BC1AECE2C600848BAF /* Helper.h */ = {isa = PBXFileReference; lastKnownFileType = sourcecode.c.h; path = Helper.h; sourceTree = "<group>"; };
		FE98015F1ADB1DAD009FFAA6 /* IncomeView.h */ = {isa = PBXFileReference; lastKnownFileType = sourcecode.c.h; path = IncomeView.h; sourceTree = "<group>"; };
		FE9801601ADB1DC5009FFAA6 /* IncomeView.m */ = {isa = PBXFileReference; fileEncoding = 4; lastKnownFileType = sourcecode.c.objc; path = IncomeView.m; sourceTree = "<group>"; };
		FE9801621ADB2220009FFAA6 /* ExpensesView.h */ = {isa = PBXFileReference; lastKnownFileType = sourcecode.c.h; path = ExpensesView.h; sourceTree = "<group>"; };
		FE9801631ADB2240009FFAA6 /* ExpensesView.m */ = {isa = PBXFileReference; fileEncoding = 4; lastKnownFileType = sourcecode.c.objc; path = ExpensesView.m; sourceTree = "<group>"; };
		FEA73C501AE34FC400A3D141 /* EditIncomeItem.m */ = {isa = PBXFileReference; fileEncoding = 4; lastKnownFileType = sourcecode.c.objc; path = EditIncomeItem.m; sourceTree = "<group>"; };
		FEA73C521AE34FD400A3D141 /* EditIncomeItem.h */ = {isa = PBXFileReference; lastKnownFileType = sourcecode.c.h; path = EditIncomeItem.h; sourceTree = "<group>"; };
		FEA73C531AE3A01400A3D141 /* EditExpensesItem.h */ = {isa = PBXFileReference; lastKnownFileType = sourcecode.c.h; path = EditExpensesItem.h; sourceTree = "<group>"; };
		FEA73C541AE3A02A00A3D141 /* EditExpensesItem.m */ = {isa = PBXFileReference; fileEncoding = 4; lastKnownFileType = sourcecode.c.objc; path = EditExpensesItem.m; sourceTree = "<group>"; };
/* End PBXFileReference section */

/* Begin PBXFrameworksBuildPhase section */
		FE5A9BD21AD5E471004344A0 /* Frameworks */ = {
			isa = PBXFrameworksBuildPhase;
			buildActionMask = 2147483647;
			files = (
			);
			runOnlyForDeploymentPostprocessing = 0;
		};
		FE5A9BEE1AD5E472004344A0 /* Frameworks */ = {
			isa = PBXFrameworksBuildPhase;
			buildActionMask = 2147483647;
			files = (
			);
			runOnlyForDeploymentPostprocessing = 0;
		};
/* End PBXFrameworksBuildPhase section */

/* Begin PBXGroup section */
		FE5A9BCC1AD5E471004344A0 = {
			isa = PBXGroup;
			children = (
				FE5A9BD71AD5E471004344A0 /* My Profit full */,
				FE5A9BF41AD5E472004344A0 /* My Profit fullTests */,
				FE5A9BD61AD5E471004344A0 /* Products */,
			);
			sourceTree = "<group>";
		};
		FE5A9BD61AD5E471004344A0 /* Products */ = {
			isa = PBXGroup;
			children = (
				FE5A9BD51AD5E471004344A0 /* My Profit full.app */,
				FE5A9BF11AD5E472004344A0 /* My Profit fullTests.xctest */,
			);
			name = Products;
			sourceTree = "<group>";
		};
		FE5A9BD71AD5E471004344A0 /* My Profit full */ = {
			isa = PBXGroup;
			children = (
				FE5A9BDC1AD5E471004344A0 /* AppDelegate.h */,
				FE5A9BDD1AD5E471004344A0 /* AppDelegate.m */,
				FE5A9BE21AD5E471004344A0 /* MainView.h */,
				FE5A9BE31AD5E471004344A0 /* MainView.m */,
				FE8ECBCA1AD7950C00F24D1D /* NewItemView.h */,
				FE8ECBC81AD794F100F24D1D /* NewItemView.m */,
				FE5A9BE51AD5E471004344A0 /* Main.storyboard */,
				FE9792BC1AECE2C600848BAF /* Helper.h */,
				FE9792BA1AECE29E00848BAF /* Helper.m */,
				FEA73C531AE3A01400A3D141 /* EditExpensesItem.h */,
				FEA73C541AE3A02A00A3D141 /* EditExpensesItem.m */,
				FEA73C521AE34FD400A3D141 /* EditIncomeItem.h */,
				FEA73C501AE34FC400A3D141 /* EditIncomeItem.m */,
				FE9801621ADB2220009FFAA6 /* ExpensesView.h */,
				FE9801631ADB2240009FFAA6 /* ExpensesView.m */,
				FE98015F1ADB1DAD009FFAA6 /* IncomeView.h */,
				FE9801601ADB1DC5009FFAA6 /* IncomeView.m */,
				FE5A9BE81AD5E471004344A0 /* Images.xcassets */,
				FE5A9BEA1AD5E471004344A0 /* LaunchScreen.xib */,
				FE5A9BDF1AD5E471004344A0 /* My_Profit_full.xcdatamodeld */,
				FE5A9BD81AD5E471004344A0 /* Supporting Files */,
			);
			path = "My Profit full";
			sourceTree = "<group>";
		};
		FE5A9BD81AD5E471004344A0 /* Supporting Files */ = {
			isa = PBXGroup;
			children = (
				FE5A9BD91AD5E471004344A0 /* Info.plist */,
				FE5A9BDA1AD5E471004344A0 /* main.m */,
			);
			name = "Supporting Files";
			sourceTree = "<group>";
		};
		FE5A9BF41AD5E472004344A0 /* My Profit fullTests */ = {
			isa = PBXGroup;
			children = (
				FE5A9BF71AD5E472004344A0 /* My_Profit_fullTests.m */,
				FE5A9BF51AD5E472004344A0 /* Supporting Files */,
			);
			path = "My Profit fullTests";
			sourceTree = "<group>";
		};
		FE5A9BF51AD5E472004344A0 /* Supporting Files */ = {
			isa = PBXGroup;
			children = (
				FE5A9BF61AD5E472004344A0 /* Info.plist */,
			);
			name = "Supporting Files";
			sourceTree = "<group>";
		};
/* End PBXGroup section */

/* Begin PBXNativeTarget section */
		FE5A9BD41AD5E471004344A0 /* My Profit full */ = {
			isa = PBXNativeTarget;
			buildConfigurationList = FE5A9BFB1AD5E472004344A0 /* Build configuration list for PBXNativeTarget "My Profit full" */;
			buildPhases = (
				FE5A9BD11AD5E471004344A0 /* Sources */,
				FE5A9BD21AD5E471004344A0 /* Frameworks */,
				FE5A9BD31AD5E471004344A0 /* Resources */,
			);
			buildRules = (
			);
			dependencies = (
			);
			name = "My Profit full";
			productName = "My Profit full";
			productReference = FE5A9BD51AD5E471004344A0 /* My Profit full.app */;
			productType = "com.apple.product-type.application";
		};
		FE5A9BF01AD5E472004344A0 /* My Profit fullTests */ = {
			isa = PBXNativeTarget;
			buildConfigurationList = FE5A9BFE1AD5E472004344A0 /* Build configuration list for PBXNativeTarget "My Profit fullTests" */;
			buildPhases = (
				FE5A9BED1AD5E472004344A0 /* Sources */,
				FE5A9BEE1AD5E472004344A0 /* Frameworks */,
				FE5A9BEF1AD5E472004344A0 /* Resources */,
			);
			buildRules = (
			);
			dependencies = (
				FE5A9BF31AD5E472004344A0 /* PBXTargetDependency */,
			);
			name = "My Profit fullTests";
			productName = "My Profit fullTests";
			productReference = FE5A9BF11AD5E472004344A0 /* My Profit fullTests.xctest */;
			productType = "com.apple.product-type.bundle.unit-test";
		};
/* End PBXNativeTarget section */

/* Begin PBXProject section */
		FE5A9BCD1AD5E471004344A0 /* Project object */ = {
			isa = PBXProject;
			attributes = {
				LastUpgradeCheck = 0620;
				ORGANIZATIONNAME = "Aliaksei Lyskovich";
				TargetAttributes = {
					FE5A9BD41AD5E471004344A0 = {
						CreatedOnToolsVersion = 6.2;
					};
					FE5A9BF01AD5E472004344A0 = {
						CreatedOnToolsVersion = 6.2;
						TestTargetID = FE5A9BD41AD5E471004344A0;
					};
				};
			};
			buildConfigurationList = FE5A9BD01AD5E471004344A0 /* Build configuration list for PBXProject "My Profit full" */;
			compatibilityVersion = "Xcode 3.2";
			developmentRegion = English;
			hasScannedForEncodings = 0;
			knownRegions = (
				en,
				Base,
			);
			mainGroup = FE5A9BCC1AD5E471004344A0;
			productRefGroup = FE5A9BD61AD5E471004344A0 /* Products */;
			projectDirPath = "";
			projectRoot = "";
			targets = (
				FE5A9BD41AD5E471004344A0 /* My Profit full */,
				FE5A9BF01AD5E472004344A0 /* My Profit fullTests */,
			);
		};
/* End PBXProject section */

/* Begin PBXResourcesBuildPhase section */
		FE5A9BD31AD5E471004344A0 /* Resources */ = {
			isa = PBXResourcesBuildPhase;
			buildActionMask = 2147483647;
			files = (
				FE5A9BE71AD5E471004344A0 /* Main.storyboard in Resources */,
				FE5A9BEC1AD5E471004344A0 /* LaunchScreen.xib in Resources */,
				FE5A9BE91AD5E471004344A0 /* Images.xcassets in Resources */,
			);
			runOnlyForDeploymentPostprocessing = 0;
		};
		FE5A9BEF1AD5E472004344A0 /* Resources */ = {
			isa = PBXResourcesBuildPhase;
			buildActionMask = 2147483647;
			files = (
			);
			runOnlyForDeploymentPostprocessing = 0;
		};
/* End PBXResourcesBuildPhase section */

/* Begin PBXSourcesBuildPhase section */
		FE5A9BD11AD5E471004344A0 /* Sources */ = {
			isa = PBXSourcesBuildPhase;
			buildActionMask = 2147483647;
			files = (
				FE8ECBC91AD794F100F24D1D /* NewItemView.m in Sources */,
				FE9801641ADB2240009FFAA6 /* ExpensesView.m in Sources */,
				FEA73C511AE34FC400A3D141 /* EditIncomeItem.m in Sources */,
				FE9801611ADB1DC5009FFAA6 /* IncomeView.m in Sources */,
				FE5A9BE11AD5E471004344A0 /* My_Profit_full.xcdatamodeld in Sources */,
				FE5A9BDE1AD5E471004344A0 /* AppDelegate.m in Sources */,
				FE5A9BE41AD5E471004344A0 /* MainView.m in Sources */,
				FEA73C551AE3A02A00A3D141 /* EditExpensesItem.m in Sources */,
				FE9792BB1AECE29E00848BAF /* Helper.m in Sources */,
				FE5A9BDB1AD5E471004344A0 /* main.m in Sources */,
			);
			runOnlyForDeploymentPostprocessing = 0;
		};
		FE5A9BED1AD5E472004344A0 /* Sources */ = {
			isa = PBXSourcesBuildPhase;
			buildActionMask = 2147483647;
			files = (
				FE5A9BF81AD5E472004344A0 /* My_Profit_fullTests.m in Sources */,
			);
			runOnlyForDeploymentPostprocessing = 0;
		};
/* End PBXSourcesBuildPhase section */

/* Begin PBXTargetDependency section */
		FE5A9BF31AD5E472004344A0 /* PBXTargetDependency */ = {
			isa = PBXTargetDependency;
			target = FE5A9BD41AD5E471004344A0 /* My Profit full */;
			targetProxy = FE5A9BF21AD5E472004344A0 /* PBXContainerItemProxy */;
		};
/* End PBXTargetDependency section */

/* Begin PBXVariantGroup section */
		FE5A9BE51AD5E471004344A0 /* Main.storyboard */ = {
			isa = PBXVariantGroup;
			children = (
				FE5A9BE61AD5E471004344A0 /* Base */,
			);
			name = Main.storyboard;
			sourceTree = "<group>";
		};
		FE5A9BEA1AD5E471004344A0 /* LaunchScreen.xib */ = {
			isa = PBXVariantGroup;
			children = (
				FE5A9BEB1AD5E471004344A0 /* Base */,
			);
			name = LaunchScreen.xib;
			sourceTree = "<group>";
		};
/* End PBXVariantGroup section */

/* Begin XCBuildConfiguration section */
		FE5A9BF91AD5E472004344A0 /* Debug */ = {
			isa = XCBuildConfiguration;
			buildSettings = {
				ALWAYS_SEARCH_USER_PATHS = NO;
				CLANG_CXX_LANGUAGE_STANDARD = "gnu++0x";
				CLANG_CXX_LIBRARY = "libc++";
				CLANG_ENABLE_MODULES = YES;
				CLANG_ENABLE_OBJC_ARC = YES;
				CLANG_WARN_BOOL_CONVERSION = YES;
				CLANG_WARN_CONSTANT_CONVERSION = YES;
				CLANG_WARN_DIRECT_OBJC_ISA_USAGE = YES_ERROR;
				CLANG_WARN_EMPTY_BODY = YES;
				CLANG_WARN_ENUM_CONVERSION = YES;
				CLANG_WARN_INT_CONVERSION = YES;
				CLANG_WARN_OBJC_ROOT_CLASS = YES_ERROR;
				CLANG_WARN_UNREACHABLE_CODE = YES;
				CLANG_WARN__DUPLICATE_METHOD_MATCH = YES;
				"CODE_SIGN_IDENTITY[sdk=iphoneos*]" = "iPhone Developer";
				COPY_PHASE_STRIP = NO;
				ENABLE_STRICT_OBJC_MSGSEND = YES;
				GCC_C_LANGUAGE_STANDARD = gnu99;
				GCC_DYNAMIC_NO_PIC = NO;
				GCC_OPTIMIZATION_LEVEL = 0;
				GCC_PREPROCESSOR_DEFINITIONS = (
					"DEBUG=1",
					"$(inherited)",
				);
				GCC_SYMBOLS_PRIVATE_EXTERN = NO;
				GCC_WARN_64_TO_32_BIT_CONVERSION = YES;
				GCC_WARN_ABOUT_RETURN_TYPE = YES_ERROR;
				GCC_WARN_UNDECLARED_SELECTOR = YES;
				GCC_WARN_UNINITIALIZED_AUTOS = YES_AGGRESSIVE;
				GCC_WARN_UNUSED_FUNCTION = YES;
				GCC_WARN_UNUSED_VARIABLE = YES;
				IPHONEOS_DEPLOYMENT_TARGET = 8.2;
				MTL_ENABLE_DEBUG_INFO = YES;
				ONLY_ACTIVE_ARCH = YES;
				SDKROOT = iphoneos;
			};
			name = Debug;
		};
		FE5A9BFA1AD5E472004344A0 /* Release */ = {
			isa = XCBuildConfiguration;
			buildSettings = {
				ALWAYS_SEARCH_USER_PATHS = NO;
				CLANG_CXX_LANGUAGE_STANDARD = "gnu++0x";
				CLANG_CXX_LIBRARY = "libc++";
				CLANG_ENABLE_MODULES = YES;
				CLANG_ENABLE_OBJC_ARC = YES;
				CLANG_WARN_BOOL_CONVERSION = YES;
				CLANG_WARN_CONSTANT_CONVERSION = YES;
				CLANG_WARN_DIRECT_OBJC_ISA_USAGE = YES_ERROR;
				CLANG_WARN_EMPTY_BODY = YES;
				CLANG_WARN_ENUM_CONVERSION = YES;
				CLANG_WARN_INT_CONVERSION = YES;
				CLANG_WARN_OBJC_ROOT_CLASS = YES_ERROR;
				CLANG_WARN_UNREACHABLE_CODE = YES;
				CLANG_WARN__DUPLICATE_METHOD_MATCH = YES;
				"CODE_SIGN_IDENTITY[sdk=iphoneos*]" = "iPhone Developer";
				COPY_PHASE_STRIP = NO;
				ENABLE_NS_ASSERTIONS = NO;
				ENABLE_STRICT_OBJC_MSGSEND = YES;
				GCC_C_LANGUAGE_STANDARD = gnu99;
				GCC_WARN_64_TO_32_BIT_CONVERSION = YES;
				GCC_WARN_ABOUT_RETURN_TYPE = YES_ERROR;
				GCC_WARN_UNDECLARED_SELECTOR = YES;
				GCC_WARN_UNINITIALIZED_AUTOS = YES_AGGRESSIVE;
				GCC_WARN_UNUSED_FUNCTION = YES;
				GCC_WARN_UNUSED_VARIABLE = YES;
				IPHONEOS_DEPLOYMENT_TARGET = 8.2;
				MTL_ENABLE_DEBUG_INFO = NO;
				SDKROOT = iphoneos;
				VALIDATE_PRODUCT = YES;
			};
			name = Release;
		};
		FE5A9BFC1AD5E472004344A0 /* Debug */ = {
			isa = XCBuildConfiguration;
			buildSettings = {
				ASSETCATALOG_COMPILER_APPICON_NAME = AppIcon;
				INFOPLIST_FILE = "My Profit full/Info.plist";
				LD_RUNPATH_SEARCH_PATHS = "$(inherited) @executable_path/Frameworks";
				PRODUCT_NAME = "$(TARGET_NAME)";
			};
			name = Debug;
		};
		FE5A9BFD1AD5E472004344A0 /* Release */ = {
			isa = XCBuildConfiguration;
			buildSettings = {
				ASSETCATALOG_COMPILER_APPICON_NAME = AppIcon;
				INFOPLIST_FILE = "My Profit full/Info.plist";
				LD_RUNPATH_SEARCH_PATHS = "$(inherited) @executable_path/Frameworks";
				PRODUCT_NAME = "$(TARGET_NAME)";
			};
			name = Release;
		};
		FE5A9BFF1AD5E472004344A0 /* Debug */ = {
			isa = XCBuildConfiguration;
			buildSettings = {
				BUNDLE_LOADER = "$(TEST_HOST)";
				FRAMEWORK_SEARCH_PATHS = (
					"$(SDKROOT)/Developer/Library/Frameworks",
					"$(inherited)",
				);
				GCC_PREPROCESSOR_DEFINITIONS = (
					"DEBUG=1",
					"$(inherited)",
				);
				INFOPLIST_FILE = "My Profit fullTests/Info.plist";
				LD_RUNPATH_SEARCH_PATHS = "$(inherited) @executable_path/Frameworks @loader_path/Frameworks";
				PRODUCT_NAME = "$(TARGET_NAME)";
				TEST_HOST = "$(BUILT_PRODUCTS_DIR)/My Profit full.app/My Profit full";
			};
			name = Debug;
		};
		FE5A9C001AD5E472004344A0 /* Release */ = {
			isa = XCBuildConfiguration;
			buildSettings = {
				BUNDLE_LOADER = "$(TEST_HOST)";
				FRAMEWORK_SEARCH_PATHS = (
					"$(SDKROOT)/Developer/Library/Frameworks",
					"$(inherited)",
				);
				INFOPLIST_FILE = "My Profit fullTests/Info.plist";
				LD_RUNPATH_SEARCH_PATHS = "$(inherited) @executable_path/Frameworks @loader_path/Frameworks";
				PRODUCT_NAME = "$(TARGET_NAME)";
				TEST_HOST = "$(BUILT_PRODUCTS_DIR)/My Profit full.app/My Profit full";
			};
			name = Release;
		};
/* End XCBuildConfiguration section */

/* Begin XCConfigurationList section */
		FE5A9BD01AD5E471004344A0 /* Build configuration list for PBXProject "My Profit full" */ = {
			isa = XCConfigurationList;
			buildConfigurations = (
				FE5A9BF91AD5E472004344A0 /* Debug */,
				FE5A9BFA1AD5E472004344A0 /* Release */,
			);
			defaultConfigurationIsVisible = 0;
			defaultConfigurationName = Release;
		};
		FE5A9BFB1AD5E472004344A0 /* Build configuration list for PBXNativeTarget "My Profit full" */ = {
			isa = XCConfigurationList;
			buildConfigurations = (
				FE5A9BFC1AD5E472004344A0 /* Debug */,
				FE5A9BFD1AD5E472004344A0 /* Release */,
			);
			defaultConfigurationIsVisible = 0;
			defaultConfigurationName = Release;
		};
		FE5A9BFE1AD5E472004344A0 /* Build configuration list for PBXNativeTarget "My Profit fullTests" */ = {
			isa = XCConfigurationList;
			buildConfigurations = (
				FE5A9BFF1AD5E472004344A0 /* Debug */,
				FE5A9C001AD5E472004344A0 /* Release */,
			);
			defaultConfigurationIsVisible = 0;
			defaultConfigurationName = Release;
		};
/* End XCConfigurationList section */

/* Begin XCVersionGroup section */
		FE5A9BDF1AD5E471004344A0 /* My_Profit_full.xcdatamodeld */ = {
			isa = XCVersionGroup;
			children = (
				FE5A9BE01AD5E471004344A0 /* My_Profit_full.xcdatamodel */,
			);
			currentVersion = FE5A9BE01AD5E471004344A0 /* My_Profit_full.xcdatamodel */;
			path = My_Profit_full.xcdatamodeld;
			sourceTree = "<group>";
			versionGroupType = wrapper.xcdatamodel;
		};
/* End XCVersionGroup section */
	};
	rootObject = FE5A9BCD1AD5E471004344A0 /* Project object */;
}
